// !$*UTF8*$!
{
	archiveVersion = 1;
	classes = {
	};
	objectVersion = 46;
	objects = {

/* Begin PBXBuildFile section */
		16479D2CDCAC394B9A9722FE /* main.cpp in Sources */ = {isa = PBXBuildFile; fileRef = 8084D1F0A307440EC73CBFCA /* main.cpp */; };
		581773A61E37A2DB004E28A9 /* AudioToolbox.framework in Frameworks */ = {isa = PBXBuildFile; fileRef = 5817739F1E37A2DB004E28A9 /* AudioToolbox.framework */; };
		581773A71E37A2DB004E28A9 /* AVFoundation.framework in Frameworks */ = {isa = PBXBuildFile; fileRef = 581773A01E37A2DB004E28A9 /* AVFoundation.framework */; };
		581773A81E37A2DB004E28A9 /* CoreGraphics.framework in Frameworks */ = {isa = PBXBuildFile; fileRef = 581773A11E37A2DB004E28A9 /* CoreGraphics.framework */; };
		581773A91E37A2DB004E28A9 /* CoreMotion.framework in Frameworks */ = {isa = PBXBuildFile; fileRef = 581773A21E37A2DB004E28A9 /* CoreMotion.framework */; };
		581773AA1E37A2DB004E28A9 /* OpenAL.framework in Frameworks */ = {isa = PBXBuildFile; fileRef = 581773A31E37A2DB004E28A9 /* OpenAL.framework */; };
		581773AB1E37A2DB004E28A9 /* OpenGLES.framework in Frameworks */ = {isa = PBXBuildFile; fileRef = 581773A41E37A2DB004E28A9 /* OpenGLES.framework */; };
		581773AC1E37A2DB004E28A9 /* QuartzCore.framework in Frameworks */ = {isa = PBXBuildFile; fileRef = 581773A51E37A2DB004E28A9 /* QuartzCore.framework */; };
		581773AE1E37A7EF004E28A9 /* UIKit.framework in Frameworks */ = {isa = PBXBuildFile; fileRef = 581773AD1E37A7EF004E28A9 /* UIKit.framework */; };
		D01BA1EB1F50A8DD0066B137 /* assets in Resources */ = {isa = PBXBuildFile; fileRef = D01BA1EA1F50A8DD0066B137 /* assets */; };
		D0AF46361F9E5A8A00BC4CF0 /* Assets.xcassets in Resources */ = {isa = PBXBuildFile; fileRef = D0AF46351F9E5A8900BC4CF0 /* Assets.xcassets */; };
		D0AF46371F9E5D4900BC4CF0 /* Info.plist in Resources */ = {isa = PBXBuildFile; fileRef = 58C6F5381DA66CB600309CB6 /* Info.plist */; };
		FBEA51B59EBAFE3DD6CB65EB /* moe-main-interfaces.m in Sources */ = {isa = PBXBuildFile; fileRef = BF140766C410C641636C918B /* moe-main-interfaces.m */; };
/* End PBXBuildFile section */

/* Begin PBXFileReference section */
		1E152A74253836079FA1075F /* main.cpp */ = {isa = PBXFileReference; lastKnownFileType = sourcecode.cpp.cpp; path = main.cpp; sourceTree = "<group>"; };
		5817739D1E37A10D004E28A9 /* custom.xcconfig */ = {isa = PBXFileReference; lastKnownFileType = text.xcconfig; path = custom.xcconfig; sourceTree = "<group>"; };
		5817739F1E37A2DB004E28A9 /* AudioToolbox.framework */ = {isa = PBXFileReference; lastKnownFileType = wrapper.framework; name = AudioToolbox.framework; path = System/Library/Frameworks/AudioToolbox.framework; sourceTree = SDKROOT; };
		581773A01E37A2DB004E28A9 /* AVFoundation.framework */ = {isa = PBXFileReference; lastKnownFileType = wrapper.framework; name = AVFoundation.framework; path = System/Library/Frameworks/AVFoundation.framework; sourceTree = SDKROOT; };
		581773A11E37A2DB004E28A9 /* CoreGraphics.framework */ = {isa = PBXFileReference; lastKnownFileType = wrapper.framework; name = CoreGraphics.framework; path = System/Library/Frameworks/CoreGraphics.framework; sourceTree = SDKROOT; };
		581773A21E37A2DB004E28A9 /* CoreMotion.framework */ = {isa = PBXFileReference; lastKnownFileType = wrapper.framework; name = CoreMotion.framework; path = System/Library/Frameworks/CoreMotion.framework; sourceTree = SDKROOT; };
		581773A31E37A2DB004E28A9 /* OpenAL.framework */ = {isa = PBXFileReference; lastKnownFileType = wrapper.framework; name = OpenAL.framework; path = System/Library/Frameworks/OpenAL.framework; sourceTree = SDKROOT; };
		581773A41E37A2DB004E28A9 /* OpenGLES.framework */ = {isa = PBXFileReference; lastKnownFileType = wrapper.framework; name = OpenGLES.framework; path = System/Library/Frameworks/OpenGLES.framework; sourceTree = SDKROOT; };
		581773A51E37A2DB004E28A9 /* QuartzCore.framework */ = {isa = PBXFileReference; lastKnownFileType = wrapper.framework; name = QuartzCore.framework; path = System/Library/Frameworks/QuartzCore.framework; sourceTree = SDKROOT; };
		581773AD1E37A7EF004E28A9 /* UIKit.framework */ = {isa = PBXFileReference; lastKnownFileType = wrapper.framework; name = UIKit.framework; path = System/Library/Frameworks/UIKit.framework; sourceTree = SDKROOT; };
		5863B88E1DA682C800E46B6A /* Info.plist */ = {isa = PBXFileReference; lastKnownFileType = text.plist.xml; path = Info.plist; sourceTree = "<group>"; };
		58C6F5241DA66CB600309CB6 /* Bluff Poker.app */ = {isa = PBXFileReference; explicitFileType = wrapper.application; includeInIndex = 0; path = "Bluff Poker.app"; sourceTree = BUILT_PRODUCTS_DIR; };
		58C6F5381DA66CB600309CB6 /* Info.plist */ = {isa = PBXFileReference; lastKnownFileType = text.plist.xml; path = Info.plist; sourceTree = "<group>"; };
		8084D1F0A307440EC73CBFCA /* main.cpp */ = {isa = PBXFileReference; lastKnownFileType = sourcecode.cpp.cpp; path = main.cpp; sourceTree = "<group>"; };
		BF140766C410C641636C918B /* moe-main-interfaces.m */ = {isa = PBXFileReference; lastKnownFileType = sourcecode.c.objc; name = "moe-main-interfaces.m"; path = "../build/moe/main/ui-headers/moe-main-interfaces.m"; sourceTree = "<group>"; };
		D01BA1EA1F50A8DD0066B137 /* assets */ = {isa = PBXFileReference; lastKnownFileType = folder; name = assets; path = ../../android/src/main/assets; sourceTree = "<group>"; };
		D0AF46351F9E5A8900BC4CF0 /* Assets.xcassets */ = {isa = PBXFileReference; lastKnownFileType = folder.assetcatalog; path = Assets.xcassets; sourceTree = "<group>"; };
/* End PBXFileReference section */

/* Begin PBXFrameworksBuildPhase section */
		58C6F5211DA66CB600309CB6 /* Frameworks */ = {
			isa = PBXFrameworksBuildPhase;
			buildActionMask = 2147483647;
			files = (
				581773A61E37A2DB004E28A9 /* AudioToolbox.framework in Frameworks */,
				581773A71E37A2DB004E28A9 /* AVFoundation.framework in Frameworks */,
				581773A81E37A2DB004E28A9 /* CoreGraphics.framework in Frameworks */,
				581773A91E37A2DB004E28A9 /* CoreMotion.framework in Frameworks */,
				581773AA1E37A2DB004E28A9 /* OpenAL.framework in Frameworks */,
				581773AB1E37A2DB004E28A9 /* OpenGLES.framework in Frameworks */,
				581773AC1E37A2DB004E28A9 /* QuartzCore.framework in Frameworks */,
				581773AE1E37A7EF004E28A9 /* UIKit.framework in Frameworks */,
			);
			runOnlyForDeploymentPostprocessing = 0;
		};
/* End PBXFrameworksBuildPhase section */

/* Begin PBXGroup section */
		5817739E1E37A2DA004E28A9 /* Frameworks */ = {
			isa = PBXGroup;
			children = (
				581773AD1E37A7EF004E28A9 /* UIKit.framework */,
				5817739F1E37A2DB004E28A9 /* AudioToolbox.framework */,
				581773A01E37A2DB004E28A9 /* AVFoundation.framework */,
				581773A11E37A2DB004E28A9 /* CoreGraphics.framework */,
				581773A21E37A2DB004E28A9 /* CoreMotion.framework */,
				581773A31E37A2DB004E28A9 /* OpenAL.framework */,
				581773A41E37A2DB004E28A9 /* OpenGLES.framework */,
				581773A51E37A2DB004E28A9 /* QuartzCore.framework */,
			);
			name = Frameworks;
			sourceTree = "<group>";
		};
		5863B87C1DA682C800E46B6A /* ios-moe-Test */ = {
			isa = PBXGroup;
			children = (
				5863B88E1DA682C800E46B6A /* Info.plist */,
				5863B87D1DA682C800E46B6A /* Supporting Files */,
			);
			path = "ios-moe-Test";
			sourceTree = "<group>";
		};
		5863B87D1DA682C800E46B6A /* Supporting Files */ = {
			isa = PBXGroup;
			children = (
				1E152A74253836079FA1075F /* main.cpp */,
			);
			name = "Supporting Files";
			sourceTree = "<group>";
		};
		58C6F51B1DA66CB600309CB6 = {
			isa = PBXGroup;
			children = (
				D01BA1EA1F50A8DD0066B137 /* assets */,
				58C6F5261DA66CB600309CB6 /* ios-moe */,
				5863B87C1DA682C800E46B6A /* ios-moe-Test */,
				58C6F5251DA66CB600309CB6 /* Products */,
				5817739E1E37A2DA004E28A9 /* Frameworks */,
				E28E480E70CA0DC98B044D57 /* Multi-OS Engine */,
			);
			sourceTree = "<group>";
		};
		58C6F5251DA66CB600309CB6 /* Products */ = {
			isa = PBXGroup;
			children = (
				58C6F5241DA66CB600309CB6 /* Bluff Poker.app */,
			);
			name = Products;
			sourceTree = "<group>";
		};
		58C6F5261DA66CB600309CB6 /* ios-moe */ = {
			isa = PBXGroup;
			children = (
				D0AF46351F9E5A8900BC4CF0 /* Assets.xcassets */,
				58C6F5381DA66CB600309CB6 /* Info.plist */,
				5817739D1E37A10D004E28A9 /* custom.xcconfig */,
				58C6F5271DA66CB600309CB6 /* Supporting Files */,
			);
			path = "ios-moe";
			sourceTree = "<group>";
		};
		58C6F5271DA66CB600309CB6 /* Supporting Files */ = {
			isa = PBXGroup;
			children = (
				8084D1F0A307440EC73CBFCA /* main.cpp */,
			);
			name = "Supporting Files";
			sourceTree = "<group>";
		};
		E28E480E70CA0DC98B044D57 /* Multi-OS Engine */ = {
			isa = PBXGroup;
			children = (
				BF140766C410C641636C918B /* moe-main-interfaces.m */,
			);
			name = "Multi-OS Engine";
			sourceTree = "<group>";
		};
/* End PBXGroup section */

/* Begin PBXNativeTarget section */
		58C6F5231DA66CB600309CB6 /* ios-moe */ = {
			isa = PBXNativeTarget;
			buildConfigurationList = 58C6F53B1DA66CB600309CB6 /* Build configuration list for PBXNativeTarget "ios-moe" */;
			buildPhases = (
				F461487E379A46F550F0C10A /* Compile Sources (MOE) */,
				58C6F5201DA66CB600309CB6 /* Sources */,
				58C6F5211DA66CB600309CB6 /* Frameworks */,
				58C6F5221DA66CB600309CB6 /* Resources */,
			);
			buildRules = (
			);
			dependencies = (
			);
			name = "ios-moe";
			productName = "Bluff Poker";
			productReference = 58C6F5241DA66CB600309CB6 /* Bluff Poker.app */;
			productType = "com.apple.product-type.application";
		};
/* End PBXNativeTarget section */

/* Begin PBXProject section */
		58C6F51C1DA66CB600309CB6 /* Project object */ = {
			isa = PBXProject;
			attributes = {
				LastUpgradeCheck = 0910;
				ORGANIZATIONNAME = x;
				TargetAttributes = {
					58C6F5231DA66CB600309CB6 = {
						CreatedOnToolsVersion = 7.3.1;
						DevelopmentTeam = 5S86CNU3S6;
						ProvisioningStyle = Automatic;
					};
				};
			};
			buildConfigurationList = 58C6F51F1DA66CB600309CB6 /* Build configuration list for PBXProject "ios-moe" */;
			compatibilityVersion = "Xcode 3.2";
			developmentRegion = English;
			hasScannedForEncodings = 0;
			knownRegions = (
				en,
				Base,
			);
			mainGroup = 58C6F51B1DA66CB600309CB6;
			productRefGroup = 58C6F5251DA66CB600309CB6 /* Products */;
			projectDirPath = "";
			projectRoot = "";
			targets = (
				58C6F5231DA66CB600309CB6 /* ios-moe */,
			);
		};
/* End PBXProject section */

/* Begin PBXResourcesBuildPhase section */
		58C6F5221DA66CB600309CB6 /* Resources */ = {
			isa = PBXResourcesBuildPhase;
			buildActionMask = 2147483647;
			files = (
				D01BA1EB1F50A8DD0066B137 /* assets in Resources */,
				D0AF46361F9E5A8A00BC4CF0 /* Assets.xcassets in Resources */,
				D0AF46371F9E5D4900BC4CF0 /* Info.plist in Resources */,
			);
			runOnlyForDeploymentPostprocessing = 0;
		};
/* End PBXResourcesBuildPhase section */

/* Begin PBXShellScriptBuildPhase section */
		F461487E379A46F550F0C10A /* Compile Sources (MOE) */ = {
			isa = PBXShellScriptBuildPhase;
			buildActionMask = 2147483647;
			files = (
			);
			inputPaths = (
			);
			name = "Compile Sources (MOE)";
			outputPaths = (
			);
			runOnlyForDeploymentPostprocessing = 0;
			shellPath = /bin/bash;
			shellScript = "set -e\n\nexport MOE_BUILD_SOURCE_SET=\"main\"\n\n# Check project directory\nif [ ! -d \"$MOE_PROJECT_DIR\" ]; then\n    echo \"$0:$LINENO:1: error: 'MOE_PROJECT_DIR' doesn't point to a directory!\"; exit 1;\nfi\ncd \"$MOE_PROJECT_DIR\"\n\n# Export JAVA_HOME\nexport JAVA_HOME=$(/usr/libexec/java_home -v 1.8)\n\n# Utility function for finding the Gradle implementation\nfunction findGradle {\n    CD=\"$PWD\"\n    while [ \"$CD\" != \"\" ]; do\n        echo \"Looking for gradlew in $CD\"\n        if [ -x \"$CD/gradlew\" ]; then\n            GRADLE_EXEC=$CD/gradlew\n            return 0\n        fi\n        CD=\"${CD%/*}\"\n    done\n\n    echo \"Checking with 'which'\"\n    GRADLE_EXEC=$(which 'gradle')\n\n    if [ \"$GRADLE_EXEC\" = \"\" ]; then\n        echo \"Failed to locate 'gradle' executable!\"\n        exit 1\n    fi\n}\n\n# Build project with Gradle\nif [ -z \"$MOE_GRADLE_EXTERNAL_BUILD\" ]; then\n    findGradle\n    \"$GRADLE_EXEC\" --no-daemon moeXcodeInternal -s\nfi\n\n# Check output directory\nif [ ! -d \"${MOE_PROJECT_BUILD_DIR}\" ]; then\n    echo \"$0:$LINENO:1: error: 'MOE_PROJECT_BUILD_DIR' doesn't point to a directory!\"; exit 1;\nfi\n\n# Copy some resources\nmkdir -p \"${TARGET_BUILD_DIR}/${UNLOCALIZED_RESOURCES_FOLDER_PATH}\"\ncp \"${MOE_PROJECT_BUILD_DIR}/moe/${MOE_BUILD_SOURCE_SET}/application.jar\" \"${TARGET_BUILD_DIR}/${UNLOCALIZED_RESOURCES_FOLDER_PATH}/\"\ncp \"${MOE_PROJECT_BUILD_DIR}/moe/${MOE_BUILD_SOURCE_SET}/preregister.txt\" \"${TARGET_BUILD_DIR}/${UNLOCALIZED_RESOURCES_FOLDER_PATH}/\"\nif [ \"${MOE_BUILD_SOURCE_SET}\" == \"test\" ]; then\n    cp \"${MOE_PROJECT_BUILD_DIR}/moe/${MOE_BUILD_SOURCE_SET}/classlist.txt\" \"${TARGET_BUILD_DIR}/${UNLOCALIZED_RESOURCES_FOLDER_PATH}/\"\nfi\n\n# Copy android CA certificates on demand\nif [ \"${MOE_COPY_ANDROID_CACERTS}\" == \"YES\" ]; then\n    rm -rf \"${TARGET_BUILD_DIR}/${UNLOCALIZED_RESOURCES_FOLDER_PATH}/android_root/etc/security/cacerts\"\n    mkdir -p \"${TARGET_BUILD_DIR}/${UNLOCALIZED_RESOURCES_FOLDER_PATH}/android_root/etc/security/cacerts\"\n    unzip \"${MOE_SDK_PATH}/sdk/moe-core-certificates.zip\" -d \"${TARGET_BUILD_DIR}/${UNLOCALIZED_RESOURCES_FOLDER_PATH}/android_root/etc/security/cacerts\"\nfi\n\n# Copy and sign MOE framework\nrsync -av --filter \"- CVS/\" --filter \"- .svn/\" --filter \"- .git/\" --filter \"- .hg/\" --filter \"- Headers\" --filter \"- PrivateHeaders\" --filter \"- Modules\" \\\n    \"${MOE_FRAMEWORK_PATH}/MOE.framework\" \"${TARGET_BUILD_DIR}/${FRAMEWORKS_FOLDER_PATH}/\"\nif [ -n \"${EXPANDED_CODE_SIGN_IDENTITY}\" -a \"${CODE_SIGNING_REQUIRED}\" != \"NO\" -a \"${CODE_SIGNING_ALLOWED}\" != \"NO\" ]; then\n    /usr/bin/codesign --force --sign $EXPANDED_CODE_SIGN_IDENTITY $OTHER_CODE_SIGN_FLAGS \\\n        --preserve-metadata=identifier,entitlements \"${TARGET_BUILD_DIR}/${FRAMEWORKS_FOLDER_PATH}/MOE.framework\"\nfi\n";
		};
/* End PBXShellScriptBuildPhase section */

/* Begin PBXSourcesBuildPhase section */
		58C6F5201DA66CB600309CB6 /* Sources */ = {
			isa = PBXSourcesBuildPhase;
			buildActionMask = 2147483647;
			files = (
				16479D2CDCAC394B9A9722FE /* main.cpp in Sources */,
				FBEA51B59EBAFE3DD6CB65EB /* moe-main-interfaces.m in Sources */,
			);
			runOnlyForDeploymentPostprocessing = 0;
		};
/* End PBXSourcesBuildPhase section */

/* Begin XCBuildConfiguration section */
		58C6F5391DA66CB600309CB6 /* Debug */ = {
			isa = XCBuildConfiguration;
			buildSettings = {
				ALWAYS_SEARCH_USER_PATHS = NO;
				CLANG_ANALYZER_NONNULL = YES;
				CLANG_CXX_LANGUAGE_STANDARD = "gnu++0x";
				CLANG_CXX_LIBRARY = "libc++";
				CLANG_ENABLE_MODULES = YES;
				CLANG_ENABLE_OBJC_ARC = YES;
				CLANG_WARN_BLOCK_CAPTURE_AUTORELEASING = YES;
				CLANG_WARN_BOOL_CONVERSION = YES;
				CLANG_WARN_COMMA = YES;
				CLANG_WARN_CONSTANT_CONVERSION = YES;
				CLANG_WARN_DIRECT_OBJC_ISA_USAGE = YES_ERROR;
				CLANG_WARN_EMPTY_BODY = YES;
				CLANG_WARN_ENUM_CONVERSION = YES;
				CLANG_WARN_INFINITE_RECURSION = YES;
				CLANG_WARN_INT_CONVERSION = YES;
				CLANG_WARN_NON_LITERAL_NULL_CONVERSION = YES;
				CLANG_WARN_OBJC_LITERAL_CONVERSION = YES;
				CLANG_WARN_OBJC_ROOT_CLASS = YES_ERROR;
				CLANG_WARN_RANGE_LOOP_ANALYSIS = YES;
				CLANG_WARN_STRICT_PROTOTYPES = YES;
				CLANG_WARN_SUSPICIOUS_MOVE = YES;
				CLANG_WARN_UNREACHABLE_CODE = YES;
				CLANG_WARN__DUPLICATE_METHOD_MATCH = YES;
				CODE_SIGN_IDENTITY = "iPhone Developer";
				"CODE_SIGN_IDENTITY[sdk=iphoneos*]" = "iPhone Developer";
				COPY_PHASE_STRIP = NO;
				DEBUG_INFORMATION_FORMAT = dwarf;
				ENABLE_STRICT_OBJC_MSGSEND = YES;
				ENABLE_TESTABILITY = YES;
				GCC_C_LANGUAGE_STANDARD = gnu99;
				GCC_DYNAMIC_NO_PIC = NO;
				GCC_NO_COMMON_BLOCKS = YES;
				GCC_OPTIMIZATION_LEVEL = 0;
				GCC_PREPROCESSOR_DEFINITIONS = (
					"DEBUG=1",
					"$(inherited)",
				);
				GCC_WARN_64_TO_32_BIT_CONVERSION = YES;
				GCC_WARN_ABOUT_RETURN_TYPE = YES_ERROR;
				GCC_WARN_UNDECLARED_SELECTOR = YES;
				GCC_WARN_UNINITIALIZED_AUTOS = YES_AGGRESSIVE;
				GCC_WARN_UNUSED_FUNCTION = YES;
				GCC_WARN_UNUSED_VARIABLE = YES;
				IPHONEOS_DEPLOYMENT_TARGET = 9.3;
				MOE_VERSION = 1.3.6;
				MTL_ENABLE_DEBUG_INFO = YES;
				ONLY_ACTIVE_ARCH = YES;
				SDKROOT = iphoneos;
				TARGETED_DEVICE_FAMILY = "1,2";
			};
			name = Debug;
		};
		58C6F53A1DA66CB600309CB6 /* Release */ = {
			isa = XCBuildConfiguration;
			buildSettings = {
				ALWAYS_SEARCH_USER_PATHS = NO;
				CLANG_ANALYZER_NONNULL = YES;
				CLANG_CXX_LANGUAGE_STANDARD = "gnu++0x";
				CLANG_CXX_LIBRARY = "libc++";
				CLANG_ENABLE_MODULES = YES;
				CLANG_ENABLE_OBJC_ARC = YES;
				CLANG_WARN_BLOCK_CAPTURE_AUTORELEASING = YES;
				CLANG_WARN_BOOL_CONVERSION = YES;
				CLANG_WARN_COMMA = YES;
				CLANG_WARN_CONSTANT_CONVERSION = YES;
				CLANG_WARN_DIRECT_OBJC_ISA_USAGE = YES_ERROR;
				CLANG_WARN_EMPTY_BODY = YES;
				CLANG_WARN_ENUM_CONVERSION = YES;
				CLANG_WARN_INFINITE_RECURSION = YES;
				CLANG_WARN_INT_CONVERSION = YES;
				CLANG_WARN_NON_LITERAL_NULL_CONVERSION = YES;
				CLANG_WARN_OBJC_LITERAL_CONVERSION = YES;
				CLANG_WARN_OBJC_ROOT_CLASS = YES_ERROR;
				CLANG_WARN_RANGE_LOOP_ANALYSIS = YES;
				CLANG_WARN_STRICT_PROTOTYPES = YES;
				CLANG_WARN_SUSPICIOUS_MOVE = YES;
				CLANG_WARN_UNREACHABLE_CODE = YES;
				CLANG_WARN__DUPLICATE_METHOD_MATCH = YES;
				CODE_SIGN_IDENTITY = "iPhone Developer";
				"CODE_SIGN_IDENTITY[sdk=iphoneos*]" = "iPhone Developer";
				COPY_PHASE_STRIP = NO;
				DEBUG_INFORMATION_FORMAT = "dwarf-with-dsym";
				ENABLE_NS_ASSERTIONS = NO;
				ENABLE_STRICT_OBJC_MSGSEND = YES;
				GCC_C_LANGUAGE_STANDARD = gnu99;
				GCC_NO_COMMON_BLOCKS = YES;
				GCC_WARN_64_TO_32_BIT_CONVERSION = YES;
				GCC_WARN_ABOUT_RETURN_TYPE = YES_ERROR;
				GCC_WARN_UNDECLARED_SELECTOR = YES;
				GCC_WARN_UNINITIALIZED_AUTOS = YES_AGGRESSIVE;
				GCC_WARN_UNUSED_FUNCTION = YES;
				GCC_WARN_UNUSED_VARIABLE = YES;
				IPHONEOS_DEPLOYMENT_TARGET = 9.3;
				MOE_VERSION = 1.3.6;
				MTL_ENABLE_DEBUG_INFO = NO;
				SDKROOT = iphoneos;
				TARGETED_DEVICE_FAMILY = "1,2";
				VALIDATE_PRODUCT = YES;
			};
			name = Release;
		};
		58C6F53C1DA66CB600309CB6 /* Debug */ = {
			isa = XCBuildConfiguration;
			baseConfigurationReference = 5817739D1E37A10D004E28A9 /* custom.xcconfig */;
			buildSettings = {
				ASSETCATALOG_COMPILER_APPICON_NAME = AppIcon;
				ASSETCATALOG_COMPILER_LAUNCHIMAGE_NAME = LaunchImage;
				"CODE_SIGN_IDENTITY[sdk=iphoneos*]" = "iPhone Developer";
				CODE_SIGN_STYLE = Automatic;
				DEAD_CODE_STRIPPING = NO;
				DEVELOPMENT_TEAM = "";
				ENABLE_BITCODE = NO;
				FRAMEWORK_SEARCH_PATHS = (
					"$(inherited)",
					"${MOE_FRAMEWORK_PATH}",
				);
				INFOPLIST_FILE = "ios-moe/Info.plist";
				LD_RUNPATH_SEARCH_PATHS = "$(inherited) @executable_path/Frameworks";
				MOE_COPY_ANDROID_CACERTS = NO;
				MOE_FRAMEWORK_PATH = "${MOE_SDK_PATH}/sdk/${PLATFORM_NAME}";
				MOE_OTHER_LDFLAGS = "${MOE_SECT_OAT} ${MOE_SECT_ART} ${MOE_SEGPROT} ${MOE_PAGEZERO} ${MOE_CUSTOM_OTHER_LDFLAGS} -lstdc++ -framework MOE";
				"MOE_PAGEZERO[sdk=iphoneos*]" = "";
				"MOE_PAGEZERO[sdk=iphonesimulator*]" = "-pagezero_size 4096";
				MOE_PROJECT_BUILD_DIR = "${MOE_PROJECT_DIR}/build";
				MOE_PROJECT_DIR = "${SRCROOT}/../";
				MOE_SDK_PATH = "${MOE_PROJECT_BUILD_DIR}/moe/sdk";
				MOE_SECT_ART = "-sectcreate __ARTDATA __artdata \"${MOE_PROJECT_BUILD_DIR}/moe/main/xcode/${CONFIGURATION}${EFFECTIVE_PLATFORM_NAME}/${arch}.art\"";
				MOE_SECT_OAT = "-sectcreate __OATDATA __oatdata \"${MOE_PROJECT_BUILD_DIR}/moe/main/xcode/${CONFIGURATION}${EFFECTIVE_PLATFORM_NAME}/${arch}.oat\"";
				"MOE_SEGPROT[sdk=iphoneos*]" = "-segprot __OATDATA rx rx -segprot __ARTDATA rw rw";
				"MOE_SEGPROT[sdk=iphonesimulator*]" = "-segprot __OATDATA rwx rx -segprot __ARTDATA rwx rw";
				ONLY_ACTIVE_ARCH = YES;
				OTHER_LDFLAGS = (
					"$(inherited)",
					"${MOE_OTHER_LDFLAGS}",
					"$(LIBGDX_NATIVES)",
				);
				PRODUCT_BUNDLE_IDENTIFIER = net.leejjon.bluff.poker;
				PRODUCT_NAME = "Bluff Poker";
				PROVISIONING_PROFILE = "";
				PROVISIONING_PROFILE_SPECIFIER = "";
				STRIP_STYLE = "non-global";
			};
			name = Debug;
		};
		58C6F53D1DA66CB600309CB6 /* Release */ = {
			isa = XCBuildConfiguration;
			baseConfigurationReference = 5817739D1E37A10D004E28A9 /* custom.xcconfig */;
			buildSettings = {
				ASSETCATALOG_COMPILER_APPICON_NAME = AppIcon;
				ASSETCATALOG_COMPILER_LAUNCHIMAGE_NAME = LaunchImage;
				"CODE_SIGN_IDENTITY[sdk=iphoneos*]" = "iPhone Developer";
				CODE_SIGN_STYLE = Automatic;
				DEAD_CODE_STRIPPING = NO;
				DEVELOPMENT_TEAM = "";
				ENABLE_BITCODE = NO;
				FRAMEWORK_SEARCH_PATHS = (
					"$(inherited)",
					"${MOE_FRAMEWORK_PATH}",
				);
				INFOPLIST_FILE = "ios-moe/Info.plist";
				LD_RUNPATH_SEARCH_PATHS = "$(inherited) @executable_path/Frameworks";
				MOE_COPY_ANDROID_CACERTS = NO;
				MOE_FRAMEWORK_PATH = "${MOE_SDK_PATH}/sdk/${PLATFORM_NAME}";
				MOE_OTHER_LDFLAGS = "${MOE_SECT_OAT} ${MOE_SECT_ART} ${MOE_SEGPROT} ${MOE_PAGEZERO} ${MOE_CUSTOM_OTHER_LDFLAGS} -lstdc++ -framework MOE";
				"MOE_PAGEZERO[sdk=iphoneos*]" = "";
				"MOE_PAGEZERO[sdk=iphonesimulator*]" = "-pagezero_size 4096";
				MOE_PROJECT_BUILD_DIR = "${MOE_PROJECT_DIR}/build";
				MOE_PROJECT_DIR = "${SRCROOT}/../";
				MOE_SDK_PATH = "${MOE_PROJECT_BUILD_DIR}/moe/sdk";
				MOE_SECT_ART = "-sectcreate __ARTDATA __artdata \"${MOE_PROJECT_BUILD_DIR}/moe/main/xcode/${CONFIGURATION}${EFFECTIVE_PLATFORM_NAME}/${arch}.art\"";
				MOE_SECT_OAT = "-sectcreate __OATDATA __oatdata \"${MOE_PROJECT_BUILD_DIR}/moe/main/xcode/${CONFIGURATION}${EFFECTIVE_PLATFORM_NAME}/${arch}.oat\"";
				"MOE_SEGPROT[sdk=iphoneos*]" = "-segprot __OATDATA rx rx -segprot __ARTDATA rw rw";
				"MOE_SEGPROT[sdk=iphonesimulator*]" = "-segprot __OATDATA rwx rx -segprot __ARTDATA rwx rw";
				ONLY_ACTIVE_ARCH = NO;
				OTHER_LDFLAGS = (
					"$(inherited)",
					"${MOE_OTHER_LDFLAGS}",
					"$(LIBGDX_NATIVES)",
				);
				PRODUCT_BUNDLE_IDENTIFIER = net.leejjon.bluff.poker;
				PRODUCT_NAME = "Bluff Poker";
				PROVISIONING_PROFILE = "";
				PROVISIONING_PROFILE_SPECIFIER = "";
				STRIP_STYLE = "non-global";
			};
			name = Release;
		};
/* End XCBuildConfiguration section */

/* Begin XCConfigurationList section */
		58C6F51F1DA66CB600309CB6 /* Build configuration list for PBXProject "ios-moe" */ = {
			isa = XCConfigurationList;
			buildConfigurations = (
				58C6F5391DA66CB600309CB6 /* Debug */,
				58C6F53A1DA66CB600309CB6 /* Release */,
			);
			defaultConfigurationIsVisible = 0;
			defaultConfigurationName = Release;
		};
		58C6F53B1DA66CB600309CB6 /* Build configuration list for PBXNativeTarget "ios-moe" */ = {
			isa = XCConfigurationList;
			buildConfigurations = (
				58C6F53C1DA66CB600309CB6 /* Debug */,
				58C6F53D1DA66CB600309CB6 /* Release */,
			);
			defaultConfigurationIsVisible = 0;
			defaultConfigurationName = Release;
		};
/* End XCConfigurationList section */
	};
	rootObject = 58C6F51C1DA66CB600309CB6 /* Project object */;
}
